
Microsoft Visual Studio Solution File, Format Version 10.00
# Visual Studio 2008
Project("{FAE04EC0-301F-11D3-BF4B-00C04F79EFBC}") = "MinecraftUtil", "MinecraftUtil\MinecraftUtil.csproj", "{061545BE-8CEA-4F14-A6D0-2A2DD7F9ED23}"
EndProject
Global
	GlobalSection(SolutionConfigurationPlatforms) = preSolution
		Debug|Any CPU = Debug|Any CPU
		Release|Any CPU = Release|Any CPU
	EndGlobalSection
	GlobalSection(ProjectConfigurationPlatforms) = postSolution
		{061545BE-8CEA-4F14-A6D0-2A2DD7F9ED23}.Debug|Any CPU.ActiveCfg = Debug|Any CPU
		{061545BE-8CEA-4F14-A6D0-2A2DD7F9ED23}.Debug|Any CPU.Build.0 = Debug|Any CPU
		{061545BE-8CEA-4F14-A6D0-2A2DD7F9ED23}.Release|Any CPU.ActiveCfg = Release|Any CPU
		{061545BE-8CEA-4F14-A6D0-2A2DD7F9ED23}.Release|Any CPU.Build.0 = Release|Any CPU
	EndGlobalSection
	GlobalSection(SolutionProperties) = preSolution
		HideSolutionNode = FALSE
	EndGlobalSection
EndGlobal
